
Microsoft Visual Studio Solution File, Format Version 10.00
# Visual Studio 2008
Project("{FAE04EC0-301F-11D3-BF4B-00C04F79EFBC}") = "PetEmote.Editor", "PetEmote.Editor\PetEmote.Editor.csproj", "{8D2AC8A4-A716-4A47-862F-1A9954757B42}"
EndProject
Project("{FAE04EC0-301F-11D3-BF4B-00C04F79EFBC}") = "PetEmote.Core", "PetEmote.Core\PetEmote.Core.csproj", "{5E5B8BC4-5739-4D08-B081-B39C08C32CA1}"
EndProject
Project("{54435603-DBB4-11D2-8724-00A0C9A8B90C}") = "PetEmote.Setup", "PetEmote.Setup\PetEmote.Setup.vdproj", "{F83E16BD-4B64-4FF1-90B0-368FF4796BE3}"
EndProject
Global
	GlobalSection(SolutionConfigurationPlatforms) = preSolution
		Debug|Any CPU = Debug|Any CPU
		Release|Any CPU = Release|Any CPU
	EndGlobalSection
	GlobalSection(ProjectConfigurationPlatforms) = postSolution
		{8D2AC8A4-A716-4A47-862F-1A9954757B42}.Debug|Any CPU.ActiveCfg = Debug|Any CPU
		{8D2AC8A4-A716-4A47-862F-1A9954757B42}.Debug|Any CPU.Build.0 = Debug|Any CPU
		{8D2AC8A4-A716-4A47-862F-1A9954757B42}.Release|Any CPU.ActiveCfg = Release|Any CPU
		{8D2AC8A4-A716-4A47-862F-1A9954757B42}.Release|Any CPU.Build.0 = Release|Any CPU
		{5E5B8BC4-5739-4D08-B081-B39C08C32CA1}.Debug|Any CPU.ActiveCfg = Debug|Any CPU
		{5E5B8BC4-5739-4D08-B081-B39C08C32CA1}.Debug|Any CPU.Build.0 = Debug|Any CPU
		{5E5B8BC4-5739-4D08-B081-B39C08C32CA1}.Release|Any CPU.ActiveCfg = Release|Any CPU
		{5E5B8BC4-5739-4D08-B081-B39C08C32CA1}.Release|Any CPU.Build.0 = Release|Any CPU
		{F83E16BD-4B64-4FF1-90B0-368FF4796BE3}.Debug|Any CPU.ActiveCfg = Debug
		{F83E16BD-4B64-4FF1-90B0-368FF4796BE3}.Release|Any CPU.ActiveCfg = Release
	EndGlobalSection
	GlobalSection(SolutionProperties) = preSolution
		HideSolutionNode = FALSE
	EndGlobalSection
EndGlobal
